
Microsoft Visual Studio Solution File, Format Version 12.00
# Visual Studio Version 17
VisualStudioVersion = 17.9.34701.34
MinimumVisualStudioVersion = 10.0.40219.1
Project("{FAE04EC0-301F-11D3-BF4B-00C04F79EFBC}") = "TTRPGCharacterSheet", "TTRPGCharacterSheet\TTRPGCharacterSheet.csproj", "{1FBB5ACF-B0E2-411D-9BC6-92626C6423CB}"
EndProject
Global
	GlobalSection(SolutionConfigurationPlatforms) = preSolution
		Debug|Any CPU = Debug|Any CPU
		Release|Any CPU = Release|Any CPU
	EndGlobalSection
	GlobalSection(ProjectConfigurationPlatforms) = postSolution
		{1FBB5ACF-B0E2-411D-9BC6-92626C6423CB}.Debug|Any CPU.ActiveCfg = Debug|Any CPU
		{1FBB5ACF-B0E2-411D-9BC6-92626C6423CB}.Debug|Any CPU.Build.0 = Debug|Any CPU
		{1FBB5ACF-B0E2-411D-9BC6-92626C6423CB}.Release|Any CPU.ActiveCfg = Release|Any CPU
		{1FBB5ACF-B0E2-411D-9BC6-92626C6423CB}.Release|Any CPU.Build.0 = Release|Any CPU
	EndGlobalSection
	GlobalSection(SolutionProperties) = preSolution
		HideSolutionNode = FALSE
	EndGlobalSection
	GlobalSection(ExtensibilityGlobals) = postSolution
		SolutionGuid = {85308C52-A14F-4080-AD20-679E59EE5D85}
	EndGlobalSection
EndGlobal
